<?xml version="1.0" encoding="utf-8"?>
<Project ToolsVersion="4.0" xmlns="http://schemas.microsoft.com/developer/msbuild/2003">
  <ItemGroup>
    <Filter Include="Source Files">
      <UniqueIdentifier>{4FC737F1-C7A5-4376-A066-2A32D752A2FF}</UniqueIdentifier>
      <Extensions>cpp;c;cc;cxx;def;odl;idl;hpj;bat;asm;asmx</Extensions>
    </Filter>
    <Filter Include="Header Files">
      <UniqueIdentifier>{93995380-89BD-4b04-88EB-625FBE52EBFB}</UniqueIdentifier>
      <Extensions>h;hh;hpp;hxx;hm;inl;inc;xsd</Extensions>
    </Filter>
    <Filter Include="Resource Files">
      <UniqueIdentifier>{67DA6AB6-F800-4c08-8B7A-83BB121AAD01}</UniqueIdentifier>
      <Extensions>rc;ico;cur;bmp;dlg;rc2;rct;bin;rgs;gif;jpg;jpeg;jpe;resx;tiff;tif;png;wav;mfcribbon-ms</Extensions>
    </Filter>
  </ItemGroup>
  <ItemGroup>
    <None Include="PROTOTYPE4.ino" />
  </ItemGroup>
  <ItemGroup>
    <ClInclude Include="__vm\.PROTOTYPE4.vsarduino.h">
      <Filter>Header Files</Filter>
    </ClInclude>
    <ClInclude Include="BEEP.h">
      <Filter>Header Files</Filter>
    </ClInclude>
    <ClInclude Include="BUTTON.h">
      <Filter>Header Files</Filter>
    </ClInclude>
    <ClInclude Include="DEFAULT_SETTINGS.h">
      <Filter>Header Files</Filter>
    </ClInclude>
    <ClInclude Include="epd2in9.h">
      <Filter>Header Files</Filter>
    </ClInclude>
    <ClInclude Include="epdif.h">
      <Filter>Header Files</Filter>
    </ClInclude>
    <ClInclude Include="epdpaint.h">
      <Filter>Header Files</Filter>
    </ClInclude>
    <ClInclude Include="FILTER.h">
      <Filter>Header Files</Filter>
    </ClInclude>
    <ClInclude Include="fonts.h">
      <Filter>Header Files</Filter>
    </ClInclude>
    <ClInclude Include="imagedata.h">
      <Filter>Header Files</Filter>
    </ClInclude>
    <ClInclude Include="MENU.h">
      <Filter>Header Files</Filter>
    </ClInclude>
    <ClInclude Include="MICRO_SD.h">
      <Filter>Header Files</Filter>
    </ClInclude>
    <ClInclude Include="MS5611.h">
      <Filter>Header Files</Filter>
    </ClInclude>
    <ClInclude Include="vAdafruit_ATParser.h">
      <Filter>Header Files</Filter>
    </ClInclude>
    <ClInclude Include="vAdafruit_BLE.h">
      <Filter>Header Files</Filter>
    </ClInclude>
    <ClInclude Include="vAdafruit_BLEBattery.h">
      <Filter>Header Files</Filter>
    </ClInclude>
    <ClInclude Include="vAdafruit_BLEEddystone.h">
      <Filter>Header Files</Filter>
    </ClInclude>
    <ClInclude Include="vAdafruit_BLEGatt.h">
      <Filter>Header Files</Filter>
    </ClInclude>
    <ClInclude Include="vAdafruit_BLEMIDI.h">
      <Filter>Header Files</Filter>
    </ClInclude>
    <ClInclude Include="vAdafruit_BluefruitLE_SPI.h">
      <Filter>Header Files</Filter>
    </ClInclude>
    <ClInclude Include="vAdafruit_BluefruitLE_UART.h">
      <Filter>Header Files</Filter>
    </ClInclude>
    <ClInclude Include="vAdafruit_FIFO.h">
      <Filter>Header Files</Filter>
    </ClInclude>
    <ClInclude Include="vcommon_header.h">
      <Filter>Header Files</Filter>
    </ClInclude>
    <ClInclude Include="verrors.h">
      <Filter>Header Files</Filter>
    </ClInclude>
    <ClInclude Include="vsdep.h">
      <Filter>Header Files</Filter>
    </ClInclude>
    <ClInclude Include="vTimeoutTimer.h">
      <Filter>Header Files</Filter>
    </ClInclude>
  </ItemGroup>
  <ItemGroup>
    <ClCompile Include="BEEP.cpp">
      <Filter>Source Files</Filter>
    </ClCompile>
    <ClCompile Include="BUTTON.cpp">
      <Filter>Source Files</Filter>
    </ClCompile>
    <ClCompile Include="epd2in9.cpp">
      <Filter>Source Files</Filter>
    </ClCompile>
    <ClCompile Include="epdif.cpp">
      <Filter>Source Files</Filter>
    </ClCompile>
    <ClCompile Include="epdpaint.cpp">
      <Filter>Source Files</Filter>
    </ClCompile>
    <ClCompile Include="FILTER.cpp">
      <Filter>Source Files</Filter>
    </ClCompile>
    <ClCompile Include="font12.cpp">
      <Filter>Source Files</Filter>
    </ClCompile>
    <ClCompile Include="font16.cpp">
      <Filter>Source Files</Filter>
    </ClCompile>
    <ClCompile Include="font20.cpp">
      <Filter>Source Files</Filter>
    </ClCompile>
    <ClCompile Include="font24.cpp">
      <Filter>Source Files</Filter>
    </ClCompile>
    <ClCompile Include="font8.cpp">
      <Filter>Source Files</Filter>
    </ClCompile>
    <ClCompile Include="imagedata.cpp">
      <Filter>Source Files</Filter>
    </ClCompile>
    <ClCompile Include="MENU.cpp">
      <Filter>Source Files</Filter>
    </ClCompile>
    <ClCompile Include="MICRO_SD.cpp">
      <Filter>Source Files</Filter>
    </ClCompile>
    <ClCompile Include="MS5611.cpp">
      <Filter>Source Files</Filter>
    </ClCompile>
    <ClCompile Include="vAdafruit_ATParser.cpp">
      <Filter>Source Files</Filter>
    </ClCompile>
    <ClCompile Include="vAdafruit_BLE.cpp">
      <Filter>Source Files</Filter>
    </ClCompile>
    <ClCompile Include="vAdafruit_BLEBattery.cpp">
      <Filter>Source Files</Filter>
    </ClCompile>
    <ClCompile Include="vAdafruit_BLEEddystone.cpp">
      <Filter>Source Files</Filter>
    </ClCompile>
    <ClCompile Include="vAdafruit_BLEGatt.cpp">
      <Filter>Source Files</Filter>
    </ClCompile>
    <ClCompile Include="vAdafruit_BLEMIDI.cpp">
      <Filter>Source Files</Filter>
    </ClCompile>
    <ClCompile Include="vAdafruit_BluefruitLE_SPI.cpp">
      <Filter>Source Files</Filter>
    </ClCompile>
    <ClCompile Include="vAdafruit_BluefruitLE_UART.cpp">
      <Filter>Source Files</Filter>
    </ClCompile>
    <ClCompile Include="vAdafruit_FIFO.cpp">
      <Filter>Source Files</Filter>
    </ClCompile>
  </ItemGroup>
</Project>